github.com/Yawning/chacha20 v0.0.0-20170904085104-e3b1f968fc63 h1:I6/SJSN9wJMJ+ZyQaCHUlzoTA4ypU5Bb44YWR1wTY/0=
github.com/Yawning/chacha20 v0.0.0-20170904085104-e3b1f968fc63/go.mod h1:nf+Komq6fVP4SwmKEaVGxHTyQGKREVlwjQKpvOV39yE=
github.com/aristanetworks/goarista v0.0.0-20190712234253-ed1100a1c015 h1:7ABPr1+uJdqESAdlVevnc/2FJGiC/K3uMg1JiELeF+0=
github.com/aristanetworks/goarista v0.0.0-20190712234253-ed1100a1c015/go.mod h1:D/tb0zPVXnP7fmsLZjtdUhSsumbK/ij54UXjjVgMGxQ=
github.com/davecgh/go-spew v1.1.0 h1:ZDRjVQ15GmhC3fiQ8ni8+OwkZQO4DARzQgrnXU1Liz8=
github.com/davecgh/go-spew v1.1.0/go.mod h1:J7Y8YcW2NihsgmVo/mv3lAwl/skON4iLHjSsI+c5H38=
github.com/davecgh/go-spew v1.1.1 h1:vj9j/u1bqnvCEfJOwUhtlOARqs3+rkHYY13jYWTU97c=
github.com/davecgh/go-spew v1.1.1/go.mod h1:J7Y8YcW2NihsgmVo/mv3lAwl/skON4iLHjSsI+c5H38=
github.com/getlantern/bytecounting v0.0.0-20190530140808-3b3f10d3b9ab h1:bKsTXN1XgjiWuciuEChVIPFXWD8sTASsvjkMAGMEb/4=
github.com/getlantern/bytecounting v0.0.0-20190530140808-3b3f10d3b9ab/go.mod h1:O/UvKlcgUd/tsplTbFesvYtqGENHVE/yO8DJ1sd+x+g=
github.com/getlantern/byteexec v0.0.0-20170405023437-4cfb26ec74f4 h1:Nqmy8i81dzokjNHpyOg24gnQBeGRF7D51m8HmBRNn0Y=
github.com/getlantern/byteexec v0.0.0-20170405023437-4cfb26ec74f4/go.mod h1:4WCQkaCIwta0KlF9bQZA1jYqp8bzIS2PeCqjnef8nZ8=
github.com/getlantern/context v0.0.0-20190109183933-c447772a6520 h1:NRUJuo3v3WGC/g5YiyF790gut6oQr5f3FBI88Wv0dx4=
github.com/getlantern/context v0.0.0-20190109183933-c447772a6520/go.mod h1:L+mq6/vvYHKjCX2oez0CgEAJmbq1fbb/oNJIWQkBybY=
github.com/getlantern/elevate v0.0.0-20180207094634-c2e2e4901072 h1:Sxd/u3rnHYAqXzpRXjOA7DPyRKYzcivMRBKtOhsRwW8=
github.com/getlantern/elevate v0.0.0-20180207094634-c2e2e4901072/go.mod h1:T4VB2POK13lsPLFV98WJQrL7gAXYD9TyJxBU2P8c8p4=
github.com/getlantern/ema v0.0.0-20190620044903-5943d28f40e4 h1:PMK8QQn9GLTQXdHnqoNhyToOa8snagaZVt9Xb36NEUc=
github.com/getlantern/ema v0.0.0-20190620044903-5943d28f40e4/go.mod h1:tzRwT19aDrWSr6yRDs8iOvaXXCau96EgWsgGT9wIpoQ=
github.com/getlantern/errors v0.0.0-20190325191628-abdb3e3e36f7 h1:6uJ+sZ/e03gkbqZ0kUG6mfKoqDb4XMAzMIwlajq19So=
github.com/getlantern/errors v0.0.0-20190325191628-abdb3e3e36f7/go.mod h1:l+xpFBrCtDLpK9qNjxs+cHU6+BAdlBaxHqikB6Lku3A=
github.com/getlantern/eventual v0.0.0-20180125201821-84b02499361b h1:re/zIJk8bd7yyUet+QiRRRIoagh1EJQ3CvV2XGPQe5s=
github.com/getlantern/eventual v0.0.0-20180125201821-84b02499361b/go.mod h1:O8T3zFEcY6+LRXFcVV4q8mEu2tDIixG8edC84DfswBc=
github.com/getlantern/fdcount v0.0.0-20170105153814-6a6cb5839bc5 h1:8Q9iN/V24EG01IgXEKVScth/rTXpplBxCYio/yIKtUw=
github.com/getlantern/fdcount v0.0.0-20170105153814-6a6cb5839bc5/go.mod h1:XZwE+iIlAgr64OFbXKFNCllBwV4wEipPx8Hlo2gZdbM=
github.com/getlantern/filepersist v0.0.0-20160317154340-c5f0cd24e799 h1:FhkPUYCQYmoxS02r2GRrIV7dahUIncRl36xzs3/mnjA=
github.com/getlantern/filepersist v0.0.0-20160317154340-c5f0cd24e799/go.mod h1:8DGAx0LNUfXNnEH+fXI0s3OCBA/351kZCiz/8YSK3i8=
github.com/getlantern/golog v0.0.0-20190809085441-26e09e6dd330 h1:BQIvwKkAWNoyQFtjk89XRV+GK0fT7Zvl1oHrp9Zhfl0=
github.com/getlantern/golog v0.0.0-20190809085441-26e09e6dd330/go.mod h1:zx/1xUUeYPy3Pcmet8OSXLbF47l+3y6hIPpyLWoR9oc=
github.com/getlantern/hex v0.0.0-20190417191902-c6586a6fe0b7 h1:micT5vkcr9tOVk1FiH8SWKID8ultN44Z+yzd2y/Vyb0=
github.com/getlantern/hex v0.0.0-20190417191902-c6586a6fe0b7/go.mod h1:dD3CgOrwlzca8ed61CsZouQS5h5jIzkK9ZWrTcf0s+o=
github.com/getlantern/hidden v0.0.0-20190325191715-f02dbb02be55 h1:XYzSdCbkzOC0FDNrgJqGRo8PCMFOBFL9py72DRs7bmc=
github.com/getlantern/hidden v0.0.0-20190325191715-f02dbb02be55/go.mod h1:6mmzY2kW1TOOrVy+r41Za2MxXM+hhqTtY3oBKd2AgFA=
github.com/getlantern/idletiming v0.0.0-20190529182719-d2fbc83372a5 h1:laM1s/bxUH8xbbC9TBGWsOc7A0KCAPZMa4pdwO5e6Vw=
github.com/getlantern/idletiming v0.0.0-20190529182719-d2fbc83372a5/go.mod h1:MGP8kEgZGgAhvHISt0hJGQgxg/VAqGdw3+kSZBnfC/4=
github.com/getlantern/keyman v0.0.0-20180207174507-f55e7280e93a h1:SBw2c296eaLrrnydtLhcjgvNB1mDaXF1SSfW4DGt0kk=
github.com/getlantern/keyman v0.0.0-20180207174507-f55e7280e93a/go.mod h1:FMf0g72BHs14jVcD8i8ubEk4sMB6JdidBn67d44i3ws=
github.com/getlantern/mockconn v0.0.0-20190708122800-637bd46d8034 h1:YtJxkucYlrHcD89/TIPAYIdOm8GGO7/xKUjDS6ZJFs4=
github.com/getlantern/mockconn v0.0.0-20190708122800-637bd46d8034/go.mod h1:+F5GJ7qGpQ03DBtcOEyQpM30ix4BLswdaojecFtsdy8=
github.com/getlantern/mtime v0.0.0-20170117193331-ba114e4a82b0 h1:1VNkP55LM/W2IwWN+qi+5X3gZcEQHfj8X9E+FNxVgM4=
github.com/getlantern/mtime v0.0.0-20170117193331-ba114e4a82b0/go.mod h1:u537FS7ld4Whf7h7/0ql/myAudWWBNgeRhgE9XXH4Pk=
github.com/getlantern/netx v0.0.0-20190110220209-9912de6f94fd h1:mn98vs69Kqw56iKhR82mjk16Q1q5aDFFW0E89/QbXkQ=
github.com/getlantern/netx v0.0.0-20190110220209-9912de6f94fd/go.mod h1:wKdY0ikOgzrWSeB9UyBVKPRhjXQ+vTb+BPeJuypUuNE=
github.com/getlantern/ops v0.0.0-20190325191751-d70cb0d6f85f h1:wrYrQttPS8FHIRSlsrcuKazukx/xqO/PpLZzZXsF+EA=
github.com/getlantern/ops v0.0.0-20190325191751-d70cb0d6f85f/go.mod h1:D5ao98qkA6pxftxoqzibIBBrLSUli+kYnJqrgBf9cIA=
github.com/getlantern/tlsdefaults v0.0.0-20171004213447-cf35cfd0b1b4 h1:73U3J4msGw3cXeKtCEbY7hbOdD6aX8gJv8BOu+VagF8=
github.com/getlantern/tlsdefaults v0.0.0-20171004213447-cf35cfd0b1b4/go.mod h1:f8WmDYKFOaC5/y0d3GWl6UKf1ZbSlIoMzkuC8x7pUhg=
github.com/go-stack/stack v1.8.0 h1:5SgMzNM5HxrEjV0ww2lTmX6E2Izsfxas4+YHWRs3Lsk=
github.com/go-stack/stack v1.8.0/go.mod h1:v0f6uXyyMGvRgIKkXu+yp6POWl0qKG85gN/melR3HDY=
github.com/kr/pretty v0.1.0 h1:L/CwN0zerZDmRFUapSPitk6f+Q3+0za1rQkzVuMiMFI=
github.com/kr/pretty v0.1.0/go.mod h1:dAy3ld7l9f0ibDNOQOHHMYYIIbhfbHSm3C4ZsoJORNo=
github.com/kr/pty v1.1.1/go.mod h1:pFQYn66WHrOpPYNljwOMqo10TkYh1fy3cYio2l3bCsQ=
github.com/kr/text v0.1.0 h1:45sCR5RtlFHMR4UwH9sdQ5TC8v0qDQCHnXt+kaKSTVE=
github.com/kr/text v0.1.0/go.mod h1:4Jbv+DJW3UT/LiOwJeYQe1efqtUx/iVham/4vfdArNI=
github.com/oxtoacart/bpool v0.0.0-20190530202638-03653db5a59c h1:rp5dCmg/yLR3mgFuSOe4oEnDDmGLROTvMragMUXpTQw=
github.com/oxtoacart/bpool v0.0.0-20190530202638-03653db5a59c/go.mod h1:X07ZCGwUbLaax7L0S3Tw4hpejzu63ZrrQiUe6W0hcy0=
github.com/pmezard/go-difflib v1.0.0 h1:4DBwDE0NGyQoBHbLQYPwSUPoCMWR5BEzIk/f1lZbAQM=
github.com/pmezard/go-difflib v1.0.0/go.mod h1:iKH77koFhYxTK1pcRnkKkqfTogsbg7gZNVY4sRDYZ/4=
github.com/stretchr/objx v0.1.0/go.mod h1:HFkY916IF+rwdDfMAkV7OtwuqBVzrE8GR6GFx+wExME=
github.com/stretchr/testify v1.3.0/go.mod h1:M5WIy9Dh21IEIfnGCwXGc5bZfKNJtfHm1UVUgZn+9EI=
github.com/stretchr/testify v1.4.0 h1:2E4SXV/wtOkTonXsotYi4li6zVWxYlZuYNCXe9XRJyk=
github.com/stretchr/testify v1.4.0/go.mod h1:j7eGeouHqKxXV5pUuKE4zz7dFj8WfuZ+81PSLYec5m4=
golang.org/x/crypto v0.0.0-20190308221718-c2843e01d9a2/go.mod h1:djNgcEr1/C05ACkg1iLfiJU5Ep61QUkGW8qpdssI0+w=
golang.org/x/crypto v0.0.0-20190820162420-60c769a6c586 h1:7KByu05hhLed2MO29w7p1XfZvZ13m8mub3shuVftRs0=
golang.org/x/crypto v0.0.0-20190820162420-60c769a6c586/go.mod h1:yigFU9vqHzYiE8UmvKecakEJjdnWj3jj499lnFckfCI=
golang.org/x/net v0.0.0-20190404232315-eb5bcb51f2a3 h1:0GoQqolDA55aaLxZyTzK/Y2ePZzZTUrRacwib7cNsYQ=
golang.org/x/net v0.0.0-20190404232315-eb5bcb51f2a3/go.mod h1:t9HGtf8HONx5eT2rtn7q6eTqICYqUVnKs3thJo3Qplg=
golang.org/x/sys v0.0.0-20190215142949-d0b11bdaac8a/go.mod h1:STP8DvDyc/dI5b8T5hshtkjS+E42TnysNCUPdjciGhY=
golang.org/x/sys v0.0.0-20190412213103-97732733099d h1:+R4KGOnez64A81RvjARKc4UT5/tI9ujCIVX+P5KiHuI=
golang.org/x/sys v0.0.0-20190412213103-97732733099d/go.mod h1:h1NjWce9XRLGQEsW7wpKNCjG9DtNlClVuFLEZdDNbEs=
golang.org/x/sys v0.0.0-20190813064441-fde4db37ae7a h1:aYOabOQFp6Vj6W1F80affTUvO9UxmJRx8K0gsfABByQ=
golang.org/x/sys v0.0.0-20190813064441-fde4db37ae7a/go.mod h1:h1NjWce9XRLGQEsW7wpKNCjG9DtNlClVuFLEZdDNbEs=
golang.org/x/text v0.3.0/go.mod h1:NqM8EUOU14njkJ3fqMW+pc6Ldnwhi/IjpwHt7yyuwOQ=
gopkg.in/check.v1 v0.0.0-20161208181325-20d25e280405 h1:yhCVgyC4o1eVCa2tZl7eS0r+SDo693bJlVdllGtEeKM=
gopkg.in/check.v1 v0.0.0-20161208181325-20d25e280405/go.mod h1:Co6ibVJAznAaIkqp8huTwlJQCZ016jof/cbN4VW5Yz0=
gopkg.in/check.v1 v1.0.0-20180628173108-788fd7840127 h1:qIbj1fsPNlZgppZ+VLlY7N33q108Sa+fhmuc+sWQYwY=
gopkg.in/check.v1 v1.0.0-20180628173108-788fd7840127/go.mod h1:Co6ibVJAznAaIkqp8huTwlJQCZ016jof/cbN4VW5Yz0=
gopkg.in/yaml.v2 v2.2.2 h1:ZCJp+EgiOT7lHqUV2J862kp8Qj64Jo6az82+3Td9dZw=
gopkg.in/yaml.v2 v2.2.2/go.mod h1:hI93XBmqTisBFMUTm0b8Fm+jr3Dg1NNxqwp+5A1VGuI=
